
Microsoft Visual Studio Solution File, Format Version 12.00
# Visual Studio Version 17
VisualStudioVersion = 17.7.34024.191
MinimumVisualStudioVersion = 10.0.40219.1
Project("{FAE04EC0-301F-11D3-BF4B-00C04F79EFBC}") = "PR-8", "PR-8\PR-8.csproj", "{EE97CD2B-D8C8-4CD0-BAEF-9B9F559A6FD0}"
EndProject
Project("{2150E333-8FDC-42A3-9474-1A3956D46DE8}") = "Элементы решения", "Элементы решения", "{4A43AF7E-7006-4473-89E1-DD0E6EE1BBE2}"
EndProject
Global
	GlobalSection(SolutionConfigurationPlatforms) = preSolution
		Debug|Any CPU = Debug|Any CPU
		Release|Any CPU = Release|Any CPU
	EndGlobalSection
	GlobalSection(ProjectConfigurationPlatforms) = postSolution
		{EE97CD2B-D8C8-4CD0-BAEF-9B9F559A6FD0}.Debug|Any CPU.ActiveCfg = Debug|Any CPU
		{EE97CD2B-D8C8-4CD0-BAEF-9B9F559A6FD0}.Debug|Any CPU.Build.0 = Debug|Any CPU
		{EE97CD2B-D8C8-4CD0-BAEF-9B9F559A6FD0}.Release|Any CPU.ActiveCfg = Release|Any CPU
		{EE97CD2B-D8C8-4CD0-BAEF-9B9F559A6FD0}.Release|Any CPU.Build.0 = Release|Any CPU
	EndGlobalSection
	GlobalSection(SolutionProperties) = preSolution
		HideSolutionNode = FALSE
	EndGlobalSection
	GlobalSection(ExtensibilityGlobals) = postSolution
		SolutionGuid = {63883F6A-2337-4CB3-9AEB-5AD7E101A2BE}
	EndGlobalSection
EndGlobal
